
Microsoft Visual Studio Solution File, Format Version 12.00
# Visual Studio Version 17
VisualStudioVersion = 17.8.34205.153
MinimumVisualStudioVersion = 10.0.40219.1
Project("{9A19103F-16F7-4668-BE54-9A1E7A4F7556}") = "WpfIslandsApp", "WpfIslandsApp\WpfIslandsApp.csproj", "{AE2CD57E-5FD4-42DE-8815-F3BF81CCB455}"
EndProject
Project("{9A19103F-16F7-4668-BE54-9A1E7A4F7556}") = "MauiIslandsApp", "MauiIslandsApp\MauiIslandsApp.csproj", "{C920955D-E5DB-4B18-9E0B-437C10FF7D39}"
EndProject
Project("{9A19103F-16F7-4668-BE54-9A1E7A4F7556}") = "WinUILib", "WinUILib\WinUILib.csproj", "{42B8C044-AD15-4AC5-8921-33C84165F593}"
EndProject
Project("{FAE04EC0-301F-11D3-BF4B-00C04F79EFBC}") = "MauiLib", "MauiLib\MauiLib.csproj", "{DA7A4460-2E95-40EF-8FF1-9606BC8B6083}"
EndProject
Global
	GlobalSection(SolutionConfigurationPlatforms) = preSolution
		Debug|Any CPU = Debug|Any CPU
		Debug|ARM64 = Debug|ARM64
		Debug|x64 = Debug|x64
		Debug|x86 = Debug|x86
		Release|Any CPU = Release|Any CPU
		Release|ARM64 = Release|ARM64
		Release|x64 = Release|x64
		Release|x86 = Release|x86
	EndGlobalSection
	GlobalSection(ProjectConfigurationPlatforms) = postSolution
		{AE2CD57E-5FD4-42DE-8815-F3BF81CCB455}.Debug|Any CPU.ActiveCfg = Debug|Any CPU
		{AE2CD57E-5FD4-42DE-8815-F3BF81CCB455}.Debug|Any CPU.Build.0 = Debug|Any CPU
		{AE2CD57E-5FD4-42DE-8815-F3BF81CCB455}.Debug|ARM64.ActiveCfg = Debug|Any CPU
		{AE2CD57E-5FD4-42DE-8815-F3BF81CCB455}.Debug|ARM64.Build.0 = Debug|Any CPU
		{AE2CD57E-5FD4-42DE-8815-F3BF81CCB455}.Debug|x64.ActiveCfg = Debug|Any CPU
		{AE2CD57E-5FD4-42DE-8815-F3BF81CCB455}.Debug|x64.Build.0 = Debug|Any CPU
		{AE2CD57E-5FD4-42DE-8815-F3BF81CCB455}.Debug|x86.ActiveCfg = Debug|Any CPU
		{AE2CD57E-5FD4-42DE-8815-F3BF81CCB455}.Debug|x86.Build.0 = Debug|Any CPU
		{AE2CD57E-5FD4-42DE-8815-F3BF81CCB455}.Release|Any CPU.ActiveCfg = Release|Any CPU
		{AE2CD57E-5FD4-42DE-8815-F3BF81CCB455}.Release|Any CPU.Build.0 = Release|Any CPU
		{AE2CD57E-5FD4-42DE-8815-F3BF81CCB455}.Release|ARM64.ActiveCfg = Release|Any CPU
		{AE2CD57E-5FD4-42DE-8815-F3BF81CCB455}.Release|ARM64.Build.0 = Release|Any CPU
		{AE2CD57E-5FD4-42DE-8815-F3BF81CCB455}.Release|x64.ActiveCfg = Release|Any CPU
		{AE2CD57E-5FD4-42DE-8815-F3BF81CCB455}.Release|x64.Build.0 = Release|Any CPU
		{AE2CD57E-5FD4-42DE-8815-F3BF81CCB455}.Release|x86.ActiveCfg = Release|Any CPU
		{AE2CD57E-5FD4-42DE-8815-F3BF81CCB455}.Release|x86.Build.0 = Release|Any CPU
		{C920955D-E5DB-4B18-9E0B-437C10FF7D39}.Debug|Any CPU.ActiveCfg = Debug|Any CPU
		{C920955D-E5DB-4B18-9E0B-437C10FF7D39}.Debug|Any CPU.Build.0 = Debug|Any CPU
		{C920955D-E5DB-4B18-9E0B-437C10FF7D39}.Debug|Any CPU.Deploy.0 = Debug|Any CPU
		{C920955D-E5DB-4B18-9E0B-437C10FF7D39}.Debug|ARM64.ActiveCfg = Debug|Any CPU
		{C920955D-E5DB-4B18-9E0B-437C10FF7D39}.Debug|ARM64.Build.0 = Debug|Any CPU
		{C920955D-E5DB-4B18-9E0B-437C10FF7D39}.Debug|ARM64.Deploy.0 = Debug|Any CPU
		{C920955D-E5DB-4B18-9E0B-437C10FF7D39}.Debug|x64.ActiveCfg = Debug|Any CPU
		{C920955D-E5DB-4B18-9E0B-437C10FF7D39}.Debug|x64.Build.0 = Debug|Any CPU
		{C920955D-E5DB-4B18-9E0B-437C10FF7D39}.Debug|x64.Deploy.0 = Debug|Any CPU
		{C920955D-E5DB-4B18-9E0B-437C10FF7D39}.Debug|x86.ActiveCfg = Debug|Any CPU
		{C920955D-E5DB-4B18-9E0B-437C10FF7D39}.Debug|x86.Build.0 = Debug|Any CPU
		{C920955D-E5DB-4B18-9E0B-437C10FF7D39}.Debug|x86.Deploy.0 = Debug|Any CPU
		{C920955D-E5DB-4B18-9E0B-437C10FF7D39}.Release|Any CPU.ActiveCfg = Release|Any CPU
		{C920955D-E5DB-4B18-9E0B-437C10FF7D39}.Release|Any CPU.Build.0 = Release|Any CPU
		{C920955D-E5DB-4B18-9E0B-437C10FF7D39}.Release|Any CPU.Deploy.0 = Release|Any CPU
		{C920955D-E5DB-4B18-9E0B-437C10FF7D39}.Release|ARM64.ActiveCfg = Release|Any CPU
		{C920955D-E5DB-4B18-9E0B-437C10FF7D39}.Release|ARM64.Build.0 = Release|Any CPU
		{C920955D-E5DB-4B18-9E0B-437C10FF7D39}.Release|ARM64.Deploy.0 = Release|Any CPU
		{C920955D-E5DB-4B18-9E0B-437C10FF7D39}.Release|x64.ActiveCfg = Release|Any CPU
		{C920955D-E5DB-4B18-9E0B-437C10FF7D39}.Release|x64.Build.0 = Release|Any CPU
		{C920955D-E5DB-4B18-9E0B-437C10FF7D39}.Release|x64.Deploy.0 = Release|Any CPU
		{C920955D-E5DB-4B18-9E0B-437C10FF7D39}.Release|x86.ActiveCfg = Release|Any CPU
		{C920955D-E5DB-4B18-9E0B-437C10FF7D39}.Release|x86.Build.0 = Release|Any CPU
		{C920955D-E5DB-4B18-9E0B-437C10FF7D39}.Release|x86.Deploy.0 = Release|Any CPU
		{42B8C044-AD15-4AC5-8921-33C84165F593}.Debug|Any CPU.ActiveCfg = Debug|Any CPU
		{42B8C044-AD15-4AC5-8921-33C84165F593}.Debug|Any CPU.Build.0 = Debug|Any CPU
		{42B8C044-AD15-4AC5-8921-33C84165F593}.Debug|ARM64.ActiveCfg = Debug|Any CPU
		{42B8C044-AD15-4AC5-8921-33C84165F593}.Debug|ARM64.Build.0 = Debug|Any CPU
		{42B8C044-AD15-4AC5-8921-33C84165F593}.Debug|x64.ActiveCfg = Debug|Any CPU
		{42B8C044-AD15-4AC5-8921-33C84165F593}.Debug|x64.Build.0 = Debug|Any CPU
		{42B8C044-AD15-4AC5-8921-33C84165F593}.Debug|x86.ActiveCfg = Debug|Any CPU
		{42B8C044-AD15-4AC5-8921-33C84165F593}.Debug|x86.Build.0 = Debug|Any CPU
		{42B8C044-AD15-4AC5-8921-33C84165F593}.Release|Any CPU.ActiveCfg = Release|Any CPU
		{42B8C044-AD15-4AC5-8921-33C84165F593}.Release|Any CPU.Build.0 = Release|Any CPU
		{42B8C044-AD15-4AC5-8921-33C84165F593}.Release|ARM64.ActiveCfg = Release|Any CPU
		{42B8C044-AD15-4AC5-8921-33C84165F593}.Release|ARM64.Build.0 = Release|Any CPU
		{42B8C044-AD15-4AC5-8921-33C84165F593}.Release|x64.ActiveCfg = Release|Any CPU
		{42B8C044-AD15-4AC5-8921-33C84165F593}.Release|x64.Build.0 = Release|Any CPU
		{42B8C044-AD15-4AC5-8921-33C84165F593}.Release|x86.ActiveCfg = Release|Any CPU
		{42B8C044-AD15-4AC5-8921-33C84165F593}.Release|x86.Build.0 = Release|Any CPU
		{DA7A4460-2E95-40EF-8FF1-9606BC8B6083}.Debug|Any CPU.ActiveCfg = Debug|Any CPU
		{DA7A4460-2E95-40EF-8FF1-9606BC8B6083}.Debug|Any CPU.Build.0 = Debug|Any CPU
		{DA7A4460-2E95-40EF-8FF1-9606BC8B6083}.Debug|ARM64.ActiveCfg = Debug|Any CPU
		{DA7A4460-2E95-40EF-8FF1-9606BC8B6083}.Debug|ARM64.Build.0 = Debug|Any CPU
		{DA7A4460-2E95-40EF-8FF1-9606BC8B6083}.Debug|x64.ActiveCfg = Debug|Any CPU
		{DA7A4460-2E95-40EF-8FF1-9606BC8B6083}.Debug|x64.Build.0 = Debug|Any CPU
		{DA7A4460-2E95-40EF-8FF1-9606BC8B6083}.Debug|x86.ActiveCfg = Debug|Any CPU
		{DA7A4460-2E95-40EF-8FF1-9606BC8B6083}.Debug|x86.Build.0 = Debug|Any CPU
		{DA7A4460-2E95-40EF-8FF1-9606BC8B6083}.Release|Any CPU.ActiveCfg = Release|Any CPU
		{DA7A4460-2E95-40EF-8FF1-9606BC8B6083}.Release|Any CPU.Build.0 = Release|Any CPU
		{DA7A4460-2E95-40EF-8FF1-9606BC8B6083}.Release|ARM64.ActiveCfg = Release|Any CPU
		{DA7A4460-2E95-40EF-8FF1-9606BC8B6083}.Release|ARM64.Build.0 = Release|Any CPU
		{DA7A4460-2E95-40EF-8FF1-9606BC8B6083}.Release|x64.ActiveCfg = Release|Any CPU
		{DA7A4460-2E95-40EF-8FF1-9606BC8B6083}.Release|x64.Build.0 = Release|Any CPU
		{DA7A4460-2E95-40EF-8FF1-9606BC8B6083}.Release|x86.ActiveCfg = Release|Any CPU
		{DA7A4460-2E95-40EF-8FF1-9606BC8B6083}.Release|x86.Build.0 = Release|Any CPU
	EndGlobalSection
	GlobalSection(SolutionProperties) = preSolution
		HideSolutionNode = FALSE
	EndGlobalSection
	GlobalSection(ExtensibilityGlobals) = postSolution
		SolutionGuid = {8954FF26-76C7-4F22-9BBE-18DF8D432B4D}
	EndGlobalSection
EndGlobal
