
Microsoft Visual Studio Solution File, Format Version 12.00
# Visual Studio Version 17
VisualStudioVersion = 17.8.34205.153
MinimumVisualStudioVersion = 10.0.40219.1
Project("{9A19103F-16F7-4668-BE54-9A1E7A4F7556}") = "WpfIslandsApp", "WpfIslandsApp\WpfIslandsApp.csproj", "{AE2CD57E-5FD4-42DE-8815-F3BF81CCB455}"
EndProject
Project("{9A19103F-16F7-4668-BE54-9A1E7A4F7556}") = "MauiIslandsApp", "MauiIslandsApp\MauiIslandsApp.csproj", "{C920955D-E5DB-4B18-9E0B-437C10FF7D39}"
EndProject
Project("{FAE04EC0-301F-11D3-BF4B-00C04F79EFBC}") = "MauiLib", "MauiLib\MauiLib.csproj", "{DA7A4460-2E95-40EF-8FF1-9606BC8B6083}"
EndProject
Project("{2150E333-8FDC-42A3-9474-1A3956D46DE8}") = "Libs", "Libs", "{02EA681E-C7D8-13C7-8484-4AC65E1B71E8}"
EndProject
Project("{FAE04EC0-301F-11D3-BF4B-00C04F79EFBC}") = "Controls.Xaml", "Libs\src\Controls\src\Xaml\Controls.Xaml.csproj", "{DC5C669D-C031-7944-7804-F8D01898CDE9}"
EndProject
Project("{FAE04EC0-301F-11D3-BF4B-00C04F79EFBC}") = "Controls.Core", "Libs\src\Controls\src\Core\Controls.Core.csproj", "{F173B889-287F-5AF9-53D0-CDB3BF5B4044}"
EndProject
Project("{FAE04EC0-301F-11D3-BF4B-00C04F79EFBC}") = "Controls.SourceGen", "Libs\src\Controls\src\SourceGen\Controls.SourceGen.csproj", "{FEBCB02E-6F1B-9655-8D3F-23ECA9881B30}"
EndProject
Project("{FAE04EC0-301F-11D3-BF4B-00C04F79EFBC}") = "Controls.Build.Tasks", "Libs\src\Controls\src\Build.Tasks\Controls.Build.Tasks.csproj", "{7354303B-1BE6-8CC0-7C67-AF87EBE65569}"
EndProject
Project("{FAE04EC0-301F-11D3-BF4B-00C04F79EFBC}") = "Core", "Libs\src\Core\src\Core.csproj", "{E50D84FA-4835-1A0B-7963-B5F2BAB0CFCC}"
EndProject
Project("{FAE04EC0-301F-11D3-BF4B-00C04F79EFBC}") = "Graphics", "Libs\src\Graphics\src\Graphics\Graphics.csproj", "{B5F3B8AD-1569-B733-0D64-B01FDBAD825B}"
EndProject
Project("{FAE04EC0-301F-11D3-BF4B-00C04F79EFBC}") = "Graphics.Win2D", "Libs\src\Graphics\src\Graphics.Win2D\Graphics.Win2D.csproj", "{AFFB1B3F-AA77-B118-F805-D631DDAFB1F8}"
EndProject
Project("{FAE04EC0-301F-11D3-BF4B-00C04F79EFBC}") = "Essentials", "Libs\src\Essentials\src\Essentials.csproj", "{DA443A5F-A33C-64B0-5758-5B532A6C871F}"
EndProject
Project("{FAE04EC0-301F-11D3-BF4B-00C04F79EFBC}") = "Controls.BindingSourceGen", "Libs\src\Controls\src\BindingSourceGen\Controls.BindingSourceGen.csproj", "{446B6CB5-7A5A-AAFB-80F4-207E11DFC341}"
EndProject
Global
	GlobalSection(SolutionConfigurationPlatforms) = preSolution
		Debug|Any CPU = Debug|Any CPU
		Debug|ARM64 = Debug|ARM64
		Debug|x64 = Debug|x64
		Debug|x86 = Debug|x86
		Release|Any CPU = Release|Any CPU
		Release|ARM64 = Release|ARM64
		Release|x64 = Release|x64
		Release|x86 = Release|x86
	EndGlobalSection
	GlobalSection(ProjectConfigurationPlatforms) = postSolution
		{AE2CD57E-5FD4-42DE-8815-F3BF81CCB455}.Debug|Any CPU.ActiveCfg = Debug|Any CPU
		{AE2CD57E-5FD4-42DE-8815-F3BF81CCB455}.Debug|Any CPU.Build.0 = Debug|Any CPU
		{AE2CD57E-5FD4-42DE-8815-F3BF81CCB455}.Debug|ARM64.ActiveCfg = Debug|Any CPU
		{AE2CD57E-5FD4-42DE-8815-F3BF81CCB455}.Debug|ARM64.Build.0 = Debug|Any CPU
		{AE2CD57E-5FD4-42DE-8815-F3BF81CCB455}.Debug|x64.ActiveCfg = Debug|Any CPU
		{AE2CD57E-5FD4-42DE-8815-F3BF81CCB455}.Debug|x64.Build.0 = Debug|Any CPU
		{AE2CD57E-5FD4-42DE-8815-F3BF81CCB455}.Debug|x86.ActiveCfg = Debug|Any CPU
		{AE2CD57E-5FD4-42DE-8815-F3BF81CCB455}.Debug|x86.Build.0 = Debug|Any CPU
		{AE2CD57E-5FD4-42DE-8815-F3BF81CCB455}.Release|Any CPU.ActiveCfg = Release|Any CPU
		{AE2CD57E-5FD4-42DE-8815-F3BF81CCB455}.Release|Any CPU.Build.0 = Release|Any CPU
		{AE2CD57E-5FD4-42DE-8815-F3BF81CCB455}.Release|ARM64.ActiveCfg = Release|Any CPU
		{AE2CD57E-5FD4-42DE-8815-F3BF81CCB455}.Release|ARM64.Build.0 = Release|Any CPU
		{AE2CD57E-5FD4-42DE-8815-F3BF81CCB455}.Release|x64.ActiveCfg = Release|Any CPU
		{AE2CD57E-5FD4-42DE-8815-F3BF81CCB455}.Release|x64.Build.0 = Release|Any CPU
		{AE2CD57E-5FD4-42DE-8815-F3BF81CCB455}.Release|x86.ActiveCfg = Release|Any CPU
		{AE2CD57E-5FD4-42DE-8815-F3BF81CCB455}.Release|x86.Build.0 = Release|Any CPU
		{C920955D-E5DB-4B18-9E0B-437C10FF7D39}.Debug|Any CPU.ActiveCfg = Debug|Any CPU
		{C920955D-E5DB-4B18-9E0B-437C10FF7D39}.Debug|Any CPU.Build.0 = Debug|Any CPU
		{C920955D-E5DB-4B18-9E0B-437C10FF7D39}.Debug|Any CPU.Deploy.0 = Debug|Any CPU
		{C920955D-E5DB-4B18-9E0B-437C10FF7D39}.Debug|ARM64.ActiveCfg = Debug|Any CPU
		{C920955D-E5DB-4B18-9E0B-437C10FF7D39}.Debug|ARM64.Build.0 = Debug|Any CPU
		{C920955D-E5DB-4B18-9E0B-437C10FF7D39}.Debug|ARM64.Deploy.0 = Debug|Any CPU
		{C920955D-E5DB-4B18-9E0B-437C10FF7D39}.Debug|x64.ActiveCfg = Debug|Any CPU
		{C920955D-E5DB-4B18-9E0B-437C10FF7D39}.Debug|x64.Build.0 = Debug|Any CPU
		{C920955D-E5DB-4B18-9E0B-437C10FF7D39}.Debug|x64.Deploy.0 = Debug|Any CPU
		{C920955D-E5DB-4B18-9E0B-437C10FF7D39}.Debug|x86.ActiveCfg = Debug|Any CPU
		{C920955D-E5DB-4B18-9E0B-437C10FF7D39}.Debug|x86.Build.0 = Debug|Any CPU
		{C920955D-E5DB-4B18-9E0B-437C10FF7D39}.Debug|x86.Deploy.0 = Debug|Any CPU
		{C920955D-E5DB-4B18-9E0B-437C10FF7D39}.Release|Any CPU.ActiveCfg = Release|Any CPU
		{C920955D-E5DB-4B18-9E0B-437C10FF7D39}.Release|Any CPU.Build.0 = Release|Any CPU
		{C920955D-E5DB-4B18-9E0B-437C10FF7D39}.Release|Any CPU.Deploy.0 = Release|Any CPU
		{C920955D-E5DB-4B18-9E0B-437C10FF7D39}.Release|ARM64.ActiveCfg = Release|Any CPU
		{C920955D-E5DB-4B18-9E0B-437C10FF7D39}.Release|ARM64.Build.0 = Release|Any CPU
		{C920955D-E5DB-4B18-9E0B-437C10FF7D39}.Release|ARM64.Deploy.0 = Release|Any CPU
		{C920955D-E5DB-4B18-9E0B-437C10FF7D39}.Release|x64.ActiveCfg = Release|Any CPU
		{C920955D-E5DB-4B18-9E0B-437C10FF7D39}.Release|x64.Build.0 = Release|Any CPU
		{C920955D-E5DB-4B18-9E0B-437C10FF7D39}.Release|x64.Deploy.0 = Release|Any CPU
		{C920955D-E5DB-4B18-9E0B-437C10FF7D39}.Release|x86.ActiveCfg = Release|Any CPU
		{C920955D-E5DB-4B18-9E0B-437C10FF7D39}.Release|x86.Build.0 = Release|Any CPU
		{C920955D-E5DB-4B18-9E0B-437C10FF7D39}.Release|x86.Deploy.0 = Release|Any CPU
		{DA7A4460-2E95-40EF-8FF1-9606BC8B6083}.Debug|Any CPU.ActiveCfg = Debug|Any CPU
		{DA7A4460-2E95-40EF-8FF1-9606BC8B6083}.Debug|Any CPU.Build.0 = Debug|Any CPU
		{DA7A4460-2E95-40EF-8FF1-9606BC8B6083}.Debug|ARM64.ActiveCfg = Debug|Any CPU
		{DA7A4460-2E95-40EF-8FF1-9606BC8B6083}.Debug|ARM64.Build.0 = Debug|Any CPU
		{DA7A4460-2E95-40EF-8FF1-9606BC8B6083}.Debug|x64.ActiveCfg = Debug|Any CPU
		{DA7A4460-2E95-40EF-8FF1-9606BC8B6083}.Debug|x64.Build.0 = Debug|Any CPU
		{DA7A4460-2E95-40EF-8FF1-9606BC8B6083}.Debug|x86.ActiveCfg = Debug|Any CPU
		{DA7A4460-2E95-40EF-8FF1-9606BC8B6083}.Debug|x86.Build.0 = Debug|Any CPU
		{DA7A4460-2E95-40EF-8FF1-9606BC8B6083}.Release|Any CPU.ActiveCfg = Release|Any CPU
		{DA7A4460-2E95-40EF-8FF1-9606BC8B6083}.Release|Any CPU.Build.0 = Release|Any CPU
		{DA7A4460-2E95-40EF-8FF1-9606BC8B6083}.Release|ARM64.ActiveCfg = Release|Any CPU
		{DA7A4460-2E95-40EF-8FF1-9606BC8B6083}.Release|ARM64.Build.0 = Release|Any CPU
		{DA7A4460-2E95-40EF-8FF1-9606BC8B6083}.Release|x64.ActiveCfg = Release|Any CPU
		{DA7A4460-2E95-40EF-8FF1-9606BC8B6083}.Release|x64.Build.0 = Release|Any CPU
		{DA7A4460-2E95-40EF-8FF1-9606BC8B6083}.Release|x86.ActiveCfg = Release|Any CPU
		{DA7A4460-2E95-40EF-8FF1-9606BC8B6083}.Release|x86.Build.0 = Release|Any CPU
		{DC5C669D-C031-7944-7804-F8D01898CDE9}.Debug|Any CPU.ActiveCfg = Debug|Any CPU
		{DC5C669D-C031-7944-7804-F8D01898CDE9}.Debug|Any CPU.Build.0 = Debug|Any CPU
		{DC5C669D-C031-7944-7804-F8D01898CDE9}.Debug|ARM64.ActiveCfg = Debug|Any CPU
		{DC5C669D-C031-7944-7804-F8D01898CDE9}.Debug|ARM64.Build.0 = Debug|Any CPU
		{DC5C669D-C031-7944-7804-F8D01898CDE9}.Debug|x64.ActiveCfg = Debug|Any CPU
		{DC5C669D-C031-7944-7804-F8D01898CDE9}.Debug|x64.Build.0 = Debug|Any CPU
		{DC5C669D-C031-7944-7804-F8D01898CDE9}.Debug|x86.ActiveCfg = Debug|Any CPU
		{DC5C669D-C031-7944-7804-F8D01898CDE9}.Debug|x86.Build.0 = Debug|Any CPU
		{DC5C669D-C031-7944-7804-F8D01898CDE9}.Release|Any CPU.ActiveCfg = Release|Any CPU
		{DC5C669D-C031-7944-7804-F8D01898CDE9}.Release|Any CPU.Build.0 = Release|Any CPU
		{DC5C669D-C031-7944-7804-F8D01898CDE9}.Release|ARM64.ActiveCfg = Release|Any CPU
		{DC5C669D-C031-7944-7804-F8D01898CDE9}.Release|ARM64.Build.0 = Release|Any CPU
		{DC5C669D-C031-7944-7804-F8D01898CDE9}.Release|x64.ActiveCfg = Release|Any CPU
		{DC5C669D-C031-7944-7804-F8D01898CDE9}.Release|x64.Build.0 = Release|Any CPU
		{DC5C669D-C031-7944-7804-F8D01898CDE9}.Release|x86.ActiveCfg = Release|Any CPU
		{DC5C669D-C031-7944-7804-F8D01898CDE9}.Release|x86.Build.0 = Release|Any CPU
		{F173B889-287F-5AF9-53D0-CDB3BF5B4044}.Debug|Any CPU.ActiveCfg = Debug|Any CPU
		{F173B889-287F-5AF9-53D0-CDB3BF5B4044}.Debug|Any CPU.Build.0 = Debug|Any CPU
		{F173B889-287F-5AF9-53D0-CDB3BF5B4044}.Debug|ARM64.ActiveCfg = Debug|Any CPU
		{F173B889-287F-5AF9-53D0-CDB3BF5B4044}.Debug|ARM64.Build.0 = Debug|Any CPU
		{F173B889-287F-5AF9-53D0-CDB3BF5B4044}.Debug|x64.ActiveCfg = Debug|Any CPU
		{F173B889-287F-5AF9-53D0-CDB3BF5B4044}.Debug|x64.Build.0 = Debug|Any CPU
		{F173B889-287F-5AF9-53D0-CDB3BF5B4044}.Debug|x86.ActiveCfg = Debug|Any CPU
		{F173B889-287F-5AF9-53D0-CDB3BF5B4044}.Debug|x86.Build.0 = Debug|Any CPU
		{F173B889-287F-5AF9-53D0-CDB3BF5B4044}.Release|Any CPU.ActiveCfg = Release|Any CPU
		{F173B889-287F-5AF9-53D0-CDB3BF5B4044}.Release|Any CPU.Build.0 = Release|Any CPU
		{F173B889-287F-5AF9-53D0-CDB3BF5B4044}.Release|ARM64.ActiveCfg = Release|Any CPU
		{F173B889-287F-5AF9-53D0-CDB3BF5B4044}.Release|ARM64.Build.0 = Release|Any CPU
		{F173B889-287F-5AF9-53D0-CDB3BF5B4044}.Release|x64.ActiveCfg = Release|Any CPU
		{F173B889-287F-5AF9-53D0-CDB3BF5B4044}.Release|x64.Build.0 = Release|Any CPU
		{F173B889-287F-5AF9-53D0-CDB3BF5B4044}.Release|x86.ActiveCfg = Release|Any CPU
		{F173B889-287F-5AF9-53D0-CDB3BF5B4044}.Release|x86.Build.0 = Release|Any CPU
		{FEBCB02E-6F1B-9655-8D3F-23ECA9881B30}.Debug|Any CPU.ActiveCfg = Debug|Any CPU
		{FEBCB02E-6F1B-9655-8D3F-23ECA9881B30}.Debug|Any CPU.Build.0 = Debug|Any CPU
		{FEBCB02E-6F1B-9655-8D3F-23ECA9881B30}.Debug|ARM64.ActiveCfg = Debug|Any CPU
		{FEBCB02E-6F1B-9655-8D3F-23ECA9881B30}.Debug|ARM64.Build.0 = Debug|Any CPU
		{FEBCB02E-6F1B-9655-8D3F-23ECA9881B30}.Debug|x64.ActiveCfg = Debug|Any CPU
		{FEBCB02E-6F1B-9655-8D3F-23ECA9881B30}.Debug|x64.Build.0 = Debug|Any CPU
		{FEBCB02E-6F1B-9655-8D3F-23ECA9881B30}.Debug|x86.ActiveCfg = Debug|Any CPU
		{FEBCB02E-6F1B-9655-8D3F-23ECA9881B30}.Debug|x86.Build.0 = Debug|Any CPU
		{FEBCB02E-6F1B-9655-8D3F-23ECA9881B30}.Release|Any CPU.ActiveCfg = Release|Any CPU
		{FEBCB02E-6F1B-9655-8D3F-23ECA9881B30}.Release|Any CPU.Build.0 = Release|Any CPU
		{FEBCB02E-6F1B-9655-8D3F-23ECA9881B30}.Release|ARM64.ActiveCfg = Release|Any CPU
		{FEBCB02E-6F1B-9655-8D3F-23ECA9881B30}.Release|ARM64.Build.0 = Release|Any CPU
		{FEBCB02E-6F1B-9655-8D3F-23ECA9881B30}.Release|x64.ActiveCfg = Release|Any CPU
		{FEBCB02E-6F1B-9655-8D3F-23ECA9881B30}.Release|x64.Build.0 = Release|Any CPU
		{FEBCB02E-6F1B-9655-8D3F-23ECA9881B30}.Release|x86.ActiveCfg = Release|Any CPU
		{FEBCB02E-6F1B-9655-8D3F-23ECA9881B30}.Release|x86.Build.0 = Release|Any CPU
		{7354303B-1BE6-8CC0-7C67-AF87EBE65569}.Debug|Any CPU.ActiveCfg = Debug|Any CPU
		{7354303B-1BE6-8CC0-7C67-AF87EBE65569}.Debug|Any CPU.Build.0 = Debug|Any CPU
		{7354303B-1BE6-8CC0-7C67-AF87EBE65569}.Debug|ARM64.ActiveCfg = Debug|Any CPU
		{7354303B-1BE6-8CC0-7C67-AF87EBE65569}.Debug|ARM64.Build.0 = Debug|Any CPU
		{7354303B-1BE6-8CC0-7C67-AF87EBE65569}.Debug|x64.ActiveCfg = Debug|Any CPU
		{7354303B-1BE6-8CC0-7C67-AF87EBE65569}.Debug|x64.Build.0 = Debug|Any CPU
		{7354303B-1BE6-8CC0-7C67-AF87EBE65569}.Debug|x86.ActiveCfg = Debug|Any CPU
		{7354303B-1BE6-8CC0-7C67-AF87EBE65569}.Debug|x86.Build.0 = Debug|Any CPU
		{7354303B-1BE6-8CC0-7C67-AF87EBE65569}.Release|Any CPU.ActiveCfg = Release|Any CPU
		{7354303B-1BE6-8CC0-7C67-AF87EBE65569}.Release|Any CPU.Build.0 = Release|Any CPU
		{7354303B-1BE6-8CC0-7C67-AF87EBE65569}.Release|ARM64.ActiveCfg = Release|Any CPU
		{7354303B-1BE6-8CC0-7C67-AF87EBE65569}.Release|ARM64.Build.0 = Release|Any CPU
		{7354303B-1BE6-8CC0-7C67-AF87EBE65569}.Release|x64.ActiveCfg = Release|Any CPU
		{7354303B-1BE6-8CC0-7C67-AF87EBE65569}.Release|x64.Build.0 = Release|Any CPU
		{7354303B-1BE6-8CC0-7C67-AF87EBE65569}.Release|x86.ActiveCfg = Release|Any CPU
		{7354303B-1BE6-8CC0-7C67-AF87EBE65569}.Release|x86.Build.0 = Release|Any CPU
		{E50D84FA-4835-1A0B-7963-B5F2BAB0CFCC}.Debug|Any CPU.ActiveCfg = Debug|Any CPU
		{E50D84FA-4835-1A0B-7963-B5F2BAB0CFCC}.Debug|Any CPU.Build.0 = Debug|Any CPU
		{E50D84FA-4835-1A0B-7963-B5F2BAB0CFCC}.Debug|ARM64.ActiveCfg = Debug|Any CPU
		{E50D84FA-4835-1A0B-7963-B5F2BAB0CFCC}.Debug|ARM64.Build.0 = Debug|Any CPU
		{E50D84FA-4835-1A0B-7963-B5F2BAB0CFCC}.Debug|x64.ActiveCfg = Debug|Any CPU
		{E50D84FA-4835-1A0B-7963-B5F2BAB0CFCC}.Debug|x64.Build.0 = Debug|Any CPU
		{E50D84FA-4835-1A0B-7963-B5F2BAB0CFCC}.Debug|x86.ActiveCfg = Debug|Any CPU
		{E50D84FA-4835-1A0B-7963-B5F2BAB0CFCC}.Debug|x86.Build.0 = Debug|Any CPU
		{E50D84FA-4835-1A0B-7963-B5F2BAB0CFCC}.Release|Any CPU.ActiveCfg = Release|Any CPU
		{E50D84FA-4835-1A0B-7963-B5F2BAB0CFCC}.Release|Any CPU.Build.0 = Release|Any CPU
		{E50D84FA-4835-1A0B-7963-B5F2BAB0CFCC}.Release|ARM64.ActiveCfg = Release|Any CPU
		{E50D84FA-4835-1A0B-7963-B5F2BAB0CFCC}.Release|ARM64.Build.0 = Release|Any CPU
		{E50D84FA-4835-1A0B-7963-B5F2BAB0CFCC}.Release|x64.ActiveCfg = Release|Any CPU
		{E50D84FA-4835-1A0B-7963-B5F2BAB0CFCC}.Release|x64.Build.0 = Release|Any CPU
		{E50D84FA-4835-1A0B-7963-B5F2BAB0CFCC}.Release|x86.ActiveCfg = Release|Any CPU
		{E50D84FA-4835-1A0B-7963-B5F2BAB0CFCC}.Release|x86.Build.0 = Release|Any CPU
		{B5F3B8AD-1569-B733-0D64-B01FDBAD825B}.Debug|Any CPU.ActiveCfg = Debug|Any CPU
		{B5F3B8AD-1569-B733-0D64-B01FDBAD825B}.Debug|Any CPU.Build.0 = Debug|Any CPU
		{B5F3B8AD-1569-B733-0D64-B01FDBAD825B}.Debug|ARM64.ActiveCfg = Debug|Any CPU
		{B5F3B8AD-1569-B733-0D64-B01FDBAD825B}.Debug|ARM64.Build.0 = Debug|Any CPU
		{B5F3B8AD-1569-B733-0D64-B01FDBAD825B}.Debug|x64.ActiveCfg = Debug|Any CPU
		{B5F3B8AD-1569-B733-0D64-B01FDBAD825B}.Debug|x64.Build.0 = Debug|Any CPU
		{B5F3B8AD-1569-B733-0D64-B01FDBAD825B}.Debug|x86.ActiveCfg = Debug|Any CPU
		{B5F3B8AD-1569-B733-0D64-B01FDBAD825B}.Debug|x86.Build.0 = Debug|Any CPU
		{B5F3B8AD-1569-B733-0D64-B01FDBAD825B}.Release|Any CPU.ActiveCfg = Release|Any CPU
		{B5F3B8AD-1569-B733-0D64-B01FDBAD825B}.Release|Any CPU.Build.0 = Release|Any CPU
		{B5F3B8AD-1569-B733-0D64-B01FDBAD825B}.Release|ARM64.ActiveCfg = Release|Any CPU
		{B5F3B8AD-1569-B733-0D64-B01FDBAD825B}.Release|ARM64.Build.0 = Release|Any CPU
		{B5F3B8AD-1569-B733-0D64-B01FDBAD825B}.Release|x64.ActiveCfg = Release|Any CPU
		{B5F3B8AD-1569-B733-0D64-B01FDBAD825B}.Release|x64.Build.0 = Release|Any CPU
		{B5F3B8AD-1569-B733-0D64-B01FDBAD825B}.Release|x86.ActiveCfg = Release|Any CPU
		{B5F3B8AD-1569-B733-0D64-B01FDBAD825B}.Release|x86.Build.0 = Release|Any CPU
		{AFFB1B3F-AA77-B118-F805-D631DDAFB1F8}.Debug|Any CPU.ActiveCfg = Debug|Any CPU
		{AFFB1B3F-AA77-B118-F805-D631DDAFB1F8}.Debug|Any CPU.Build.0 = Debug|Any CPU
		{AFFB1B3F-AA77-B118-F805-D631DDAFB1F8}.Debug|ARM64.ActiveCfg = Debug|Any CPU
		{AFFB1B3F-AA77-B118-F805-D631DDAFB1F8}.Debug|ARM64.Build.0 = Debug|Any CPU
		{AFFB1B3F-AA77-B118-F805-D631DDAFB1F8}.Debug|x64.ActiveCfg = Debug|Any CPU
		{AFFB1B3F-AA77-B118-F805-D631DDAFB1F8}.Debug|x64.Build.0 = Debug|Any CPU
		{AFFB1B3F-AA77-B118-F805-D631DDAFB1F8}.Debug|x86.ActiveCfg = Debug|Any CPU
		{AFFB1B3F-AA77-B118-F805-D631DDAFB1F8}.Debug|x86.Build.0 = Debug|Any CPU
		{AFFB1B3F-AA77-B118-F805-D631DDAFB1F8}.Release|Any CPU.ActiveCfg = Release|Any CPU
		{AFFB1B3F-AA77-B118-F805-D631DDAFB1F8}.Release|Any CPU.Build.0 = Release|Any CPU
		{AFFB1B3F-AA77-B118-F805-D631DDAFB1F8}.Release|ARM64.ActiveCfg = Release|Any CPU
		{AFFB1B3F-AA77-B118-F805-D631DDAFB1F8}.Release|ARM64.Build.0 = Release|Any CPU
		{AFFB1B3F-AA77-B118-F805-D631DDAFB1F8}.Release|x64.ActiveCfg = Release|Any CPU
		{AFFB1B3F-AA77-B118-F805-D631DDAFB1F8}.Release|x64.Build.0 = Release|Any CPU
		{AFFB1B3F-AA77-B118-F805-D631DDAFB1F8}.Release|x86.ActiveCfg = Release|Any CPU
		{AFFB1B3F-AA77-B118-F805-D631DDAFB1F8}.Release|x86.Build.0 = Release|Any CPU
		{DA443A5F-A33C-64B0-5758-5B532A6C871F}.Debug|Any CPU.ActiveCfg = Debug|Any CPU
		{DA443A5F-A33C-64B0-5758-5B532A6C871F}.Debug|Any CPU.Build.0 = Debug|Any CPU
		{DA443A5F-A33C-64B0-5758-5B532A6C871F}.Debug|ARM64.ActiveCfg = Debug|Any CPU
		{DA443A5F-A33C-64B0-5758-5B532A6C871F}.Debug|ARM64.Build.0 = Debug|Any CPU
		{DA443A5F-A33C-64B0-5758-5B532A6C871F}.Debug|x64.ActiveCfg = Debug|Any CPU
		{DA443A5F-A33C-64B0-5758-5B532A6C871F}.Debug|x64.Build.0 = Debug|Any CPU
		{DA443A5F-A33C-64B0-5758-5B532A6C871F}.Debug|x86.ActiveCfg = Debug|Any CPU
		{DA443A5F-A33C-64B0-5758-5B532A6C871F}.Debug|x86.Build.0 = Debug|Any CPU
		{DA443A5F-A33C-64B0-5758-5B532A6C871F}.Release|Any CPU.ActiveCfg = Release|Any CPU
		{DA443A5F-A33C-64B0-5758-5B532A6C871F}.Release|Any CPU.Build.0 = Release|Any CPU
		{DA443A5F-A33C-64B0-5758-5B532A6C871F}.Release|ARM64.ActiveCfg = Release|Any CPU
		{DA443A5F-A33C-64B0-5758-5B532A6C871F}.Release|ARM64.Build.0 = Release|Any CPU
		{DA443A5F-A33C-64B0-5758-5B532A6C871F}.Release|x64.ActiveCfg = Release|Any CPU
		{DA443A5F-A33C-64B0-5758-5B532A6C871F}.Release|x64.Build.0 = Release|Any CPU
		{DA443A5F-A33C-64B0-5758-5B532A6C871F}.Release|x86.ActiveCfg = Release|Any CPU
		{DA443A5F-A33C-64B0-5758-5B532A6C871F}.Release|x86.Build.0 = Release|Any CPU
		{446B6CB5-7A5A-AAFB-80F4-207E11DFC341}.Debug|Any CPU.ActiveCfg = Debug|Any CPU
		{446B6CB5-7A5A-AAFB-80F4-207E11DFC341}.Debug|Any CPU.Build.0 = Debug|Any CPU
		{446B6CB5-7A5A-AAFB-80F4-207E11DFC341}.Debug|ARM64.ActiveCfg = Debug|Any CPU
		{446B6CB5-7A5A-AAFB-80F4-207E11DFC341}.Debug|ARM64.Build.0 = Debug|Any CPU
		{446B6CB5-7A5A-AAFB-80F4-207E11DFC341}.Debug|x64.ActiveCfg = Debug|Any CPU
		{446B6CB5-7A5A-AAFB-80F4-207E11DFC341}.Debug|x64.Build.0 = Debug|Any CPU
		{446B6CB5-7A5A-AAFB-80F4-207E11DFC341}.Debug|x86.ActiveCfg = Debug|Any CPU
		{446B6CB5-7A5A-AAFB-80F4-207E11DFC341}.Debug|x86.Build.0 = Debug|Any CPU
		{446B6CB5-7A5A-AAFB-80F4-207E11DFC341}.Release|Any CPU.ActiveCfg = Release|Any CPU
		{446B6CB5-7A5A-AAFB-80F4-207E11DFC341}.Release|Any CPU.Build.0 = Release|Any CPU
		{446B6CB5-7A5A-AAFB-80F4-207E11DFC341}.Release|ARM64.ActiveCfg = Release|Any CPU
		{446B6CB5-7A5A-AAFB-80F4-207E11DFC341}.Release|ARM64.Build.0 = Release|Any CPU
		{446B6CB5-7A5A-AAFB-80F4-207E11DFC341}.Release|x64.ActiveCfg = Release|Any CPU
		{446B6CB5-7A5A-AAFB-80F4-207E11DFC341}.Release|x64.Build.0 = Release|Any CPU
		{446B6CB5-7A5A-AAFB-80F4-207E11DFC341}.Release|x86.ActiveCfg = Release|Any CPU
		{446B6CB5-7A5A-AAFB-80F4-207E11DFC341}.Release|x86.Build.0 = Release|Any CPU
	EndGlobalSection
	GlobalSection(SolutionProperties) = preSolution
		HideSolutionNode = FALSE
	EndGlobalSection
	GlobalSection(NestedProjects) = preSolution
		{DC5C669D-C031-7944-7804-F8D01898CDE9} = {02EA681E-C7D8-13C7-8484-4AC65E1B71E8}
		{F173B889-287F-5AF9-53D0-CDB3BF5B4044} = {02EA681E-C7D8-13C7-8484-4AC65E1B71E8}
		{FEBCB02E-6F1B-9655-8D3F-23ECA9881B30} = {02EA681E-C7D8-13C7-8484-4AC65E1B71E8}
		{7354303B-1BE6-8CC0-7C67-AF87EBE65569} = {02EA681E-C7D8-13C7-8484-4AC65E1B71E8}
		{E50D84FA-4835-1A0B-7963-B5F2BAB0CFCC} = {02EA681E-C7D8-13C7-8484-4AC65E1B71E8}
		{B5F3B8AD-1569-B733-0D64-B01FDBAD825B} = {02EA681E-C7D8-13C7-8484-4AC65E1B71E8}
		{AFFB1B3F-AA77-B118-F805-D631DDAFB1F8} = {02EA681E-C7D8-13C7-8484-4AC65E1B71E8}
		{DA443A5F-A33C-64B0-5758-5B532A6C871F} = {02EA681E-C7D8-13C7-8484-4AC65E1B71E8}
		{446B6CB5-7A5A-AAFB-80F4-207E11DFC341} = {02EA681E-C7D8-13C7-8484-4AC65E1B71E8}
	EndGlobalSection
	GlobalSection(ExtensibilityGlobals) = postSolution
		SolutionGuid = {8954FF26-76C7-4F22-9BBE-18DF8D432B4D}
	EndGlobalSection
EndGlobal
